
Microsoft Visual Studio Solution File, Format Version 12.00
# Visual Studio Version 17
VisualStudioVersion = 17.11.35222.181
MinimumVisualStudioVersion = 10.0.40219.1
Project("{FAE04EC0-301F-11D3-BF4B-00C04F79EFBC}") = "HW_Prototype_Pattern", "HW_Prototype_Pattern\HW_Prototype_Pattern.csproj", "{DA209D36-E493-473F-AABA-642E7D47D380}"
EndProject
Global
	GlobalSection(SolutionConfigurationPlatforms) = preSolution
		Debug|Any CPU = Debug|Any CPU
		Release|Any CPU = Release|Any CPU
	EndGlobalSection
	GlobalSection(ProjectConfigurationPlatforms) = postSolution
		{DA209D36-E493-473F-AABA-642E7D47D380}.Debug|Any CPU.ActiveCfg = Debug|Any CPU
		{DA209D36-E493-473F-AABA-642E7D47D380}.Debug|Any CPU.Build.0 = Debug|Any CPU
		{DA209D36-E493-473F-AABA-642E7D47D380}.Release|Any CPU.ActiveCfg = Release|Any CPU
		{DA209D36-E493-473F-AABA-642E7D47D380}.Release|Any CPU.Build.0 = Release|Any CPU
	EndGlobalSection
	GlobalSection(SolutionProperties) = preSolution
		HideSolutionNode = FALSE
	EndGlobalSection
	GlobalSection(ExtensibilityGlobals) = postSolution
		SolutionGuid = {1D3381C3-4459-408C-97D9-65DEBDD6C8CA}
	EndGlobalSection
EndGlobal
